
Microsoft Visual Studio Solution File, Format Version 12.00
# Visual Studio Version 16
VisualStudioVersion = 16.0.30523.141
MinimumVisualStudioVersion = 10.0.40219.1
Project("{FAE04EC0-301F-11D3-BF4B-00C04F79EFBC}") = "Laba2_task2", "Laba2_task2.csproj", "{93045634-56C0-46B2-B76E-BB9398B9A790}"
EndProject
Global
	GlobalSection(SolutionConfigurationPlatforms) = preSolution
		Debug|Any CPU = Debug|Any CPU
		Release|Any CPU = Release|Any CPU
	EndGlobalSection
	GlobalSection(ProjectConfigurationPlatforms) = postSolution
		{93045634-56C0-46B2-B76E-BB9398B9A790}.Debug|Any CPU.ActiveCfg = Debug|Any CPU
		{93045634-56C0-46B2-B76E-BB9398B9A790}.Debug|Any CPU.Build.0 = Debug|Any CPU
		{93045634-56C0-46B2-B76E-BB9398B9A790}.Release|Any CPU.ActiveCfg = Release|Any CPU
		{93045634-56C0-46B2-B76E-BB9398B9A790}.Release|Any CPU.Build.0 = Release|Any CPU
	EndGlobalSection
	GlobalSection(SolutionProperties) = preSolution
		HideSolutionNode = FALSE
	EndGlobalSection
	GlobalSection(ExtensibilityGlobals) = postSolution
		SolutionGuid = {E75A86E9-FA54-4323-8D2E-F5791F1B497D}
	EndGlobalSection
EndGlobal
