
Microsoft Visual Studio Solution File, Format Version 12.00
# Visual Studio Version 16
VisualStudioVersion = 16.0.30523.141
MinimumVisualStudioVersion = 10.0.40219.1
Project("{FAE04EC0-301F-11D3-BF4B-00C04F79EFBC}") = "Laba2_task1", "Laba2_task1.csproj", "{8D3E5EC7-4551-435C-BD20-DEA056C78106}"
EndProject
Global
	GlobalSection(SolutionConfigurationPlatforms) = preSolution
		Debug|Any CPU = Debug|Any CPU
		Release|Any CPU = Release|Any CPU
	EndGlobalSection
	GlobalSection(ProjectConfigurationPlatforms) = postSolution
		{8D3E5EC7-4551-435C-BD20-DEA056C78106}.Debug|Any CPU.ActiveCfg = Debug|Any CPU
		{8D3E5EC7-4551-435C-BD20-DEA056C78106}.Debug|Any CPU.Build.0 = Debug|Any CPU
		{8D3E5EC7-4551-435C-BD20-DEA056C78106}.Release|Any CPU.ActiveCfg = Release|Any CPU
		{8D3E5EC7-4551-435C-BD20-DEA056C78106}.Release|Any CPU.Build.0 = Release|Any CPU
	EndGlobalSection
	GlobalSection(SolutionProperties) = preSolution
		HideSolutionNode = FALSE
	EndGlobalSection
	GlobalSection(ExtensibilityGlobals) = postSolution
		SolutionGuid = {5A43E817-04BA-480A-804C-C33A9F526C4A}
	EndGlobalSection
EndGlobal
